
Microsoft Visual Studio Solution File, Format Version 12.00
# Visual Studio 2013
VisualStudioVersion = 12.0.21005.1
MinimumVisualStudioVersion = 10.0.40219.1
Project("{FAE04EC0-301F-11D3-BF4B-00C04F79EFBC}") = "angularJSProj", "angularJSProj\angularJSProj.csproj", "{BB39C827-60C9-44E7-9D85-BF737B629343}"
EndProject
Project("{2150E333-8FDC-42A3-9474-1A3956D46DE8}") = "LinkCrm", "LinkCrm", "{16CED8EC-BD76-483E-B426-2EAC97CD8EB2}"
EndProject
Project("{FAE04EC0-301F-11D3-BF4B-00C04F79EFBC}") = "BLL", "BLL\BLL.csproj", "{AE858699-EB8A-4E35-A4EF-387E44A9F13B}"
EndProject
Project("{FAE04EC0-301F-11D3-BF4B-00C04F79EFBC}") = "DAL", "DAL\DAL.csproj", "{0C2509BD-1978-4D54-8CDD-23E32C4D327F}"
EndProject
Project("{FAE04EC0-301F-11D3-BF4B-00C04F79EFBC}") = "Model", "Model\Model.csproj", "{7519E50C-AE69-475E-B992-FDE59ABFF3F5}"
EndProject
Project("{FAE04EC0-301F-11D3-BF4B-00C04F79EFBC}") = "DBUtility", "DBUtility\DBUtility.csproj", "{08B6DCC3-5878-4628-BA64-4FD2FAF6583E}"
EndProject
Project("{FAE04EC0-301F-11D3-BF4B-00C04F79EFBC}") = "MvcProj", "MvcProj\MvcProj.csproj", "{9491FC63-C3E2-4B76-8D7A-54AC75D6D116}"
EndProject
Global
	GlobalSection(SolutionConfigurationPlatforms) = preSolution
		Debug|Any CPU = Debug|Any CPU
		Release|Any CPU = Release|Any CPU
	EndGlobalSection
	GlobalSection(ProjectConfigurationPlatforms) = postSolution
		{BB39C827-60C9-44E7-9D85-BF737B629343}.Debug|Any CPU.ActiveCfg = Debug|Any CPU
		{BB39C827-60C9-44E7-9D85-BF737B629343}.Debug|Any CPU.Build.0 = Debug|Any CPU
		{BB39C827-60C9-44E7-9D85-BF737B629343}.Release|Any CPU.ActiveCfg = Release|Any CPU
		{BB39C827-60C9-44E7-9D85-BF737B629343}.Release|Any CPU.Build.0 = Release|Any CPU
		{AE858699-EB8A-4E35-A4EF-387E44A9F13B}.Debug|Any CPU.ActiveCfg = Debug|Any CPU
		{AE858699-EB8A-4E35-A4EF-387E44A9F13B}.Debug|Any CPU.Build.0 = Debug|Any CPU
		{AE858699-EB8A-4E35-A4EF-387E44A9F13B}.Release|Any CPU.ActiveCfg = Release|Any CPU
		{AE858699-EB8A-4E35-A4EF-387E44A9F13B}.Release|Any CPU.Build.0 = Release|Any CPU
		{0C2509BD-1978-4D54-8CDD-23E32C4D327F}.Debug|Any CPU.ActiveCfg = Debug|Any CPU
		{0C2509BD-1978-4D54-8CDD-23E32C4D327F}.Debug|Any CPU.Build.0 = Debug|Any CPU
		{0C2509BD-1978-4D54-8CDD-23E32C4D327F}.Release|Any CPU.ActiveCfg = Release|Any CPU
		{0C2509BD-1978-4D54-8CDD-23E32C4D327F}.Release|Any CPU.Build.0 = Release|Any CPU
		{7519E50C-AE69-475E-B992-FDE59ABFF3F5}.Debug|Any CPU.ActiveCfg = Debug|Any CPU
		{7519E50C-AE69-475E-B992-FDE59ABFF3F5}.Debug|Any CPU.Build.0 = Debug|Any CPU
		{7519E50C-AE69-475E-B992-FDE59ABFF3F5}.Release|Any CPU.ActiveCfg = Release|Any CPU
		{7519E50C-AE69-475E-B992-FDE59ABFF3F5}.Release|Any CPU.Build.0 = Release|Any CPU
		{08B6DCC3-5878-4628-BA64-4FD2FAF6583E}.Debug|Any CPU.ActiveCfg = Debug|Any CPU
		{08B6DCC3-5878-4628-BA64-4FD2FAF6583E}.Debug|Any CPU.Build.0 = Debug|Any CPU
		{08B6DCC3-5878-4628-BA64-4FD2FAF6583E}.Release|Any CPU.ActiveCfg = Release|Any CPU
		{08B6DCC3-5878-4628-BA64-4FD2FAF6583E}.Release|Any CPU.Build.0 = Release|Any CPU
		{9491FC63-C3E2-4B76-8D7A-54AC75D6D116}.Debug|Any CPU.ActiveCfg = Debug|Any CPU
		{9491FC63-C3E2-4B76-8D7A-54AC75D6D116}.Debug|Any CPU.Build.0 = Debug|Any CPU
		{9491FC63-C3E2-4B76-8D7A-54AC75D6D116}.Release|Any CPU.ActiveCfg = Release|Any CPU
		{9491FC63-C3E2-4B76-8D7A-54AC75D6D116}.Release|Any CPU.Build.0 = Release|Any CPU
	EndGlobalSection
	GlobalSection(SolutionProperties) = preSolution
		HideSolutionNode = FALSE
	EndGlobalSection
	GlobalSection(NestedProjects) = preSolution
		{AE858699-EB8A-4E35-A4EF-387E44A9F13B} = {16CED8EC-BD76-483E-B426-2EAC97CD8EB2}
		{0C2509BD-1978-4D54-8CDD-23E32C4D327F} = {16CED8EC-BD76-483E-B426-2EAC97CD8EB2}
		{7519E50C-AE69-475E-B992-FDE59ABFF3F5} = {16CED8EC-BD76-483E-B426-2EAC97CD8EB2}
		{08B6DCC3-5878-4628-BA64-4FD2FAF6583E} = {16CED8EC-BD76-483E-B426-2EAC97CD8EB2}
		{9491FC63-C3E2-4B76-8D7A-54AC75D6D116} = {16CED8EC-BD76-483E-B426-2EAC97CD8EB2}
	EndGlobalSection
EndGlobal
